{
  "requires": true,
  "lockfileVersion": 1,
  "dependencies": {
    "gridstack": {
      "version": "8.2.3",
      "resolved": "https://registry.npmjs.org/gridstack/-/gridstack-8.2.3.tgz",
      "integrity": "sha512-537FVgM3Ljt+0pBULGeEOzhHVMAyeHjPFlYar3078yKBXvaxbSpmFtUrgFKQk0Ghg0D/z710KqHcPLvaEOH4qQ=="
    }
  }
}
